
Microsoft Visual Studio Solution File, Format Version 12.00
# Visual Studio 15
VisualStudioVersion = 15.0.28307.271
MinimumVisualStudioVersion = 10.0.40219.1
Project("{FAE04EC0-301F-11D3-BF4B-00C04F79EFBC}") = "WebCAD", "WebCAD\WebCAD.csproj", "{3BC1B72A-06BE-4473-B101-33EC16399504}"
EndProject
Global
	GlobalSection(SolutionConfigurationPlatforms) = preSolution
		Debug|Any CPU = Debug|Any CPU
		Release|Any CPU = Release|Any CPU
	EndGlobalSection
	GlobalSection(ProjectConfigurationPlatforms) = postSolution
		{3BC1B72A-06BE-4473-B101-33EC16399504}.Debug|Any CPU.ActiveCfg = Debug|Any CPU
		{3BC1B72A-06BE-4473-B101-33EC16399504}.Debug|Any CPU.Build.0 = Debug|Any CPU
		{3BC1B72A-06BE-4473-B101-33EC16399504}.Release|Any CPU.ActiveCfg = Release|Any CPU
		{3BC1B72A-06BE-4473-B101-33EC16399504}.Release|Any CPU.Build.0 = Release|Any CPU
	EndGlobalSection
	GlobalSection(SolutionProperties) = preSolution
		HideSolutionNode = FALSE
	EndGlobalSection
	GlobalSection(ExtensibilityGlobals) = postSolution
		SolutionGuid = {9F47BAA0-6A6A-4335-B9DB-D66937CEF0BF}
	EndGlobalSection
EndGlobal
